
Microsoft Visual Studio Solution File, Format Version 12.00
# Visual Studio Version 17
VisualStudioVersion = 17.0.32014.148
MinimumVisualStudioVersion = 10.0.40219.1
Project("{FAE04EC0-301F-11D3-BF4B-00C04F79EFBC}") = "Reverse Linked List", "Reverse Linked List\Reverse Linked List.csproj", "{33F7585B-54B9-4F24-A58A-8ED7F024A63B}"
EndProject
Global
	GlobalSection(SolutionConfigurationPlatforms) = preSolution
		Debug|Any CPU = Debug|Any CPU
		Release|Any CPU = Release|Any CPU
	EndGlobalSection
	GlobalSection(ProjectConfigurationPlatforms) = postSolution
		{33F7585B-54B9-4F24-A58A-8ED7F024A63B}.Debug|Any CPU.ActiveCfg = Debug|Any CPU
		{33F7585B-54B9-4F24-A58A-8ED7F024A63B}.Debug|Any CPU.Build.0 = Debug|Any CPU
		{33F7585B-54B9-4F24-A58A-8ED7F024A63B}.Release|Any CPU.ActiveCfg = Release|Any CPU
		{33F7585B-54B9-4F24-A58A-8ED7F024A63B}.Release|Any CPU.Build.0 = Release|Any CPU
	EndGlobalSection
	GlobalSection(SolutionProperties) = preSolution
		HideSolutionNode = FALSE
	EndGlobalSection
	GlobalSection(ExtensibilityGlobals) = postSolution
		SolutionGuid = {222F99C7-1E00-4378-949B-09B3D6AC2343}
	EndGlobalSection
EndGlobal
